{
  "name": "graduation-project",
  "lockfileVersion": 2,
  "requires": true,
  "dependencies": {
    "big-integer": {
      "version": "1.6.51",
      "resolved": "https://registry.npmmirror.com/big-integer/download/big-integer-1.6.51.tgz?cache=0&sync_timestamp=1636575885635&other_urls=https%3A%2F%2Fregistry.npmmirror.com%2Fbig-integer%2Fdownload%2Fbig-integer-1.6.51.tgz",
      "integrity": "sha512-GPEid2Y9QU1Exl1rpO9B2IPJGHPSupF5GnVIP0blYvNOMer2bTvSWs1jGOUg04hTmu67nmLsQ9TBo1puaotBHg=="
    },
    "hmac": {
      "version": "1.0.1",
      "resolved": "https://registry.npmmirror.com/hmac/download/hmac-1.0.1.tgz",
      "integrity": "sha1-Fr2muK1a5whIobnsfG81d9+xmyQ="
    },
    "inherits": {
      "version": "2.0.4",
      "resolved": "https://registry.nlark.com/inherits/download/inherits-2.0.4.tgz",
      "integrity": "sha1-D6LGT5MpF8NDOg3tVTY6rjdBa3w="
    },
    "lrs": {
      "version": "0.1.5",
      "resolved": "https://registry.npmmirror.com/lrs/download/lrs-0.1.5.tgz",
      "integrity": "sha1-JWgB9JnnlLaIh3s2fSiJIZvgd6A=",
      "requires": {
        "big-integer": "^1.6.16",
        "hmac": "^1.0.1",
        "secure-random": "^1.1.1",
        "sha.js": "^2.4.5"
      }
    },
    "safe-buffer": {
      "version": "5.2.1",
      "resolved": "https://registry.nlark.com/safe-buffer/download/safe-buffer-5.2.1.tgz",
      "integrity": "sha1-Hq+fqb2x/dTsdfWPnNtOa3gn7sY="
    },
    "secure-random": {
      "version": "1.1.2",
      "resolved": "https://registry.nlark.com/secure-random/download/secure-random-1.1.2.tgz",
      "integrity": "sha1-7RA7RgqFFjLUINRkSLKpAKQef3w="
    },
    "sha.js": {
      "version": "2.4.11",
      "resolved": "https://registry.nlark.com/sha.js/download/sha.js-2.4.11.tgz",
      "integrity": "sha1-N6XPC4HsvGlD3hCbopYNGyZYSuc=",
      "requires": {
        "inherits": "^2.0.1",
        "safe-buffer": "^5.0.1"
      }
    }
  }
}
